{
  "name": "Project 3",
  "lockfileVersion": 3,
  "requires": true,
  "packages": {
    "": {
      "dependencies": {
        "yuitest": "^0.7.9"
      }
    },
    "node_modules/yuitest": {
      "version": "0.7.9",
      "resolved": "https://registry.npmjs.org/yuitest/-/yuitest-0.7.9.tgz",
      "integrity": "sha512-dcL22aXfikxD4bZbY24RxoB6kCKwYctTiv9kK1hIlxwFMGwE5VnPBBeHuZx6wZniJ6GCKHGdqMIOgIWM1V3ULg==",
      "bin": {
        "yuitest": "cli.js"
      },
      "engines": {
        "node": ">=0.2.0"
      }
    }
  }
}
